
Microsoft Visual Studio Solution File, Format Version 12.00
# Visual Studio 15
VisualStudioVersion = 15.0.28307.902
MinimumVisualStudioVersion = 10.0.40219.1
Project("{FAE04EC0-301F-11D3-BF4B-00C04F79EFBC}") = "Cinema", "Cinema\Cinema.csproj", "{F691AB79-CDD7-4310-B213-F3E273267B60}"
EndProject
Project("{54435603-DBB4-11D2-8724-00A0C9A8B90C}") = "CinemaSetup", "CinemaSetup\CinemaSetup.vdproj", "{CCCE3101-DBA1-40A0-B8AA-AB4033B73490}"
EndProject
Global
	GlobalSection(SolutionConfigurationPlatforms) = preSolution
		Debug|Any CPU = Debug|Any CPU
		Release|Any CPU = Release|Any CPU
	EndGlobalSection
	GlobalSection(ProjectConfigurationPlatforms) = postSolution
		{F691AB79-CDD7-4310-B213-F3E273267B60}.Debug|Any CPU.ActiveCfg = Debug|Any CPU
		{F691AB79-CDD7-4310-B213-F3E273267B60}.Debug|Any CPU.Build.0 = Debug|Any CPU
		{F691AB79-CDD7-4310-B213-F3E273267B60}.Release|Any CPU.ActiveCfg = Release|Any CPU
		{F691AB79-CDD7-4310-B213-F3E273267B60}.Release|Any CPU.Build.0 = Release|Any CPU
		{CCCE3101-DBA1-40A0-B8AA-AB4033B73490}.Debug|Any CPU.ActiveCfg = Debug
		{CCCE3101-DBA1-40A0-B8AA-AB4033B73490}.Release|Any CPU.ActiveCfg = Release
	EndGlobalSection
	GlobalSection(SolutionProperties) = preSolution
		HideSolutionNode = FALSE
	EndGlobalSection
	GlobalSection(ExtensibilityGlobals) = postSolution
		SolutionGuid = {D2E134A5-0237-4DF3-8D6F-4143542E6AAB}
	EndGlobalSection
EndGlobal
